{
  "name": "fomowrapper",
  "version": "1.0.0",
  "lockfileVersion": 3,
  "requires": true,
  "packages": {
    "": {
      "name": "fomowrapper",
      "version": "1.0.0",
      "license": "ISC",
      "dependencies": {
        "dotenv": "^17.3.1",
        "impit": "^0.14.3"
      }
    },
    "node_modules/dotenv": {
      "version": "17.3.1",
      "resolved": "https://registry.npmjs.org/dotenv/-/dotenv-17.3.1.tgz",
      "integrity": "sha512-IO8C/dzEb6O3F9/twg6ZLXz164a2fhTnEWb95H23Dm4OuN+92NmEAlTrupP9VW6Jm3sO26tQlqyvyi4CsnY9GA==",
      "license": "BSD-2-Clause",
      "engines": {
        "node": ">=12"
      },
      "funding": {
        "url": "https://dotenvx.com"
      }
    },
    "node_modules/impit": {
      "version": "0.14.3",
      "resolved": "https://registry.npmjs.org/impit/-/impit-0.14.3.tgz",
      "integrity": "sha512-SbCLoeW0YDRox5kQoy71jtpjZE+BwjWO411OdgfbLMbNmSX79s5Y0Y2vCE7AO6zQSq9F4Fu8SJTCKnp8rXQzpg==",
      "license": "Apache-2.0",
      "engines": {
        "node": ">= 20"
      },
      "optionalDependencies": {
        "impit-darwin-arm64": "0.14.3",
        "impit-darwin-x64": "0.14.3",
        "impit-linux-arm64-gnu": "0.14.3",
        "impit-linux-arm64-musl": "0.14.3",
        "impit-linux-x64-gnu": "0.14.3",
        "impit-linux-x64-musl": "0.14.3",
        "impit-win32-arm64-msvc": "0.14.3",
        "impit-win32-x64-msvc": "0.14.3"
      }
    },
    "node_modules/impit-darwin-arm64": {
      "version": "0.14.3",
      "resolved": "https://registry.npmjs.org/impit-darwin-arm64/-/impit-darwin-arm64-0.14.3.tgz",
      "integrity": "sha512-kMoQB+CR+a954pnhe4kf1O2RyJCsqGRE95jIXfgqNOiIMS5O1z0cOMzG/sohJk/nodZVSJ5VdWEV4BKhRWPFSA==",
      "cpu": [
        "arm64"
      ],
      "license": "Apache-2.0",
      "optional": true,
      "os": [
        "darwin"
      ],
      "engines": {
        "node": ">= 10"
      }
    },
    "node_modules/impit-darwin-x64": {
      "version": "0.14.3",
      "resolved": "https://registry.npmjs.org/impit-darwin-x64/-/impit-darwin-x64-0.14.3.tgz",
      "integrity": "sha512-ft9+kjz1pR8H5xbbf5U1EgwaaIea5iXHxBf2Q3NoinPpiV7KgyzYSr83pCSrAY6evWk+smG9shHgzhQtgbj1Rg==",
      "cpu": [
        "x64"
      ],
      "license": "Apache-2.0",
      "optional": true,
      "os": [
        "darwin"
      ],
      "engines": {
        "node": ">= 10"
      }
    },
    "node_modules/impit-linux-arm64-gnu": {
      "version": "0.14.3",
      "resolved": "https://registry.npmjs.org/impit-linux-arm64-gnu/-/impit-linux-arm64-gnu-0.14.3.tgz",
      "integrity": "sha512-+mwta93S6Ndfpca3DDblvrqV1g8Bg6gZFOlEiJHfGJZpiUIQE+A/Pjg2e+inV+WrTtlnLsvff8lgwFvkIGnRug==",
      "cpu": [
        "arm64"
      ],
      "libc": [
        "glibc"
      ],
      "license": "Apache-2.0",
      "optional": true,
      "os": [
        "linux"
      ],
      "engines": {
        "node": ">= 10"
      }
    },
    "node_modules/impit-linux-arm64-musl": {
      "version": "0.14.3",
      "resolved": "https://registry.npmjs.org/impit-linux-arm64-musl/-/impit-linux-arm64-musl-0.14.3.tgz",
      "integrity": "sha512-wYhfH1J8laWkpSN2SAFCKx9npY4vXrk23ex+tOzTGf2xBBqIhpMUff2wa6dOFb0or6EhZHBssoRf0HK3h/htXQ==",
      "cpu": [
        "arm64"
      ],
      "libc": [
        "musl"
      ],
      "license": "Apache-2.0",
      "optional": true,
      "os": [
        "linux"
      ],
      "engines": {
        "node": ">= 10"
      }
    },
    "node_modules/impit-linux-x64-gnu": {
      "version": "0.14.3",
      "resolved": "https://registry.npmjs.org/impit-linux-x64-gnu/-/impit-linux-x64-gnu-0.14.3.tgz",
      "integrity": "sha512-hAYnutJDGQO5bPvTPKBBFkHgbB7QL7QLDse8c4s21VSzC/EqGliSS3UqR5ZUUwaFdm3t8DJsXOr+gboAUwDR7w==",
      "cpu": [
        "x64"
      ],
      "libc": [
        "glibc"
      ],
      "license": "Apache-2.0",
      "optional": true,
      "os": [
        "linux"
      ],
      "engines": {
        "node": ">= 10"
      }
    },
    "node_modules/impit-linux-x64-musl": {
      "version": "0.14.3",
      "resolved": "https://registry.npmjs.org/impit-linux-x64-musl/-/impit-linux-x64-musl-0.14.3.tgz",
      "integrity": "sha512-wXBeHiqCjuyqxg4u5eY4OBNVzsS4Karz/ms/0mjB8aqVZLNER1NaUTeE4J3eZCdytFaJRaAeQvKTH8HfjpPsQg==",
      "cpu": [
        "x64"
      ],
      "libc": [
        "musl"
      ],
      "license": "Apache-2.0",
      "optional": true,
      "os": [
        "linux"
      ],
      "engines": {
        "node": ">= 10"
      }
    },
    "node_modules/impit-win32-arm64-msvc": {
      "version": "0.14.3",
      "resolved": "https://registry.npmjs.org/impit-win32-arm64-msvc/-/impit-win32-arm64-msvc-0.14.3.tgz",
      "integrity": "sha512-XiF8MYpm4tF8TMbtsWrcEDDs6NxRNeirfiHM/AyKcr2jiN34hZwbZDM0EseD30PDwb2Pny2JWB+zTxpE1P5CZg==",
      "cpu": [
        "arm64"
      ],
      "license": "Apache-2.0",
      "optional": true,
      "os": [
        "win32"
      ],
      "engines": {
        "node": ">= 10"
      }
    },
    "node_modules/impit-win32-x64-msvc": {
      "version": "0.14.3",
      "resolved": "https://registry.npmjs.org/impit-win32-x64-msvc/-/impit-win32-x64-msvc-0.14.3.tgz",
      "integrity": "sha512-HIaLSpU5SGVx3UDH/R3ZaGMURVgyRVjmalqXj65ABxVUqfXiBo1t5ZObDPPjqvLT3klPnrya1+xF1DQ4dfT+og==",
      "cpu": [
        "x64"
      ],
      "license": "Apache-2.0",
      "optional": true,
      "os": [
        "win32"
      ],
      "engines": {
        "node": ">= 10"
      }
    }
  }
}
